{
  "name": "homework-platforms-2",
  "version": "1.0.0",
  "lockfileVersion": 1,
  "requires": true,
  "dependencies": {
    "@alexeenkov/homework-platforms": {
      "version": "1.0.0",
      "resolved": "https://npm.pkg.github.com/download/@alexeenkov/homework-platforms/1.0.0/cf2b75a6bec71609656dd206dd6cd616f8e662f2f21295e3eea402407540ef0e",
      "integrity": "sha512-gfTxzTgHa1vRql81YyJ2o3y7E1ah0X/tR/8Q8//jR1XrNVyRutZmGRPm/wjrzsgGwtJeHPBfO4KXair6NC6w+w=="
    }
  }
}
